
Microsoft Visual Studio Solution File, Format Version 12.00
# Visual Studio 15
VisualStudioVersion = 15.0.28307.1082
MinimumVisualStudioVersion = 10.0.40219.1
Project("{FAE04EC0-301F-11D3-BF4B-00C04F79EFBC}") = "BackEnd", "BackEnd\BackEnd.csproj", "{5A8019BC-C36B-471E-8C34-51FA3FD7FB81}"
EndProject
Project("{FAE04EC0-301F-11D3-BF4B-00C04F79EFBC}") = "Entities", "Entities\Entities.csproj", "{7983BC35-7908-456D-BBE6-2F7EACC23B96}"
EndProject
Global
	GlobalSection(SolutionConfigurationPlatforms) = preSolution
		Debug|Any CPU = Debug|Any CPU
		Release|Any CPU = Release|Any CPU
	EndGlobalSection
	GlobalSection(ProjectConfigurationPlatforms) = postSolution
		{5A8019BC-C36B-471E-8C34-51FA3FD7FB81}.Debug|Any CPU.ActiveCfg = Debug|Any CPU
		{5A8019BC-C36B-471E-8C34-51FA3FD7FB81}.Debug|Any CPU.Build.0 = Debug|Any CPU
		{5A8019BC-C36B-471E-8C34-51FA3FD7FB81}.Release|Any CPU.ActiveCfg = Release|Any CPU
		{5A8019BC-C36B-471E-8C34-51FA3FD7FB81}.Release|Any CPU.Build.0 = Release|Any CPU
		{7983BC35-7908-456D-BBE6-2F7EACC23B96}.Debug|Any CPU.ActiveCfg = Debug|Any CPU
		{7983BC35-7908-456D-BBE6-2F7EACC23B96}.Debug|Any CPU.Build.0 = Debug|Any CPU
		{7983BC35-7908-456D-BBE6-2F7EACC23B96}.Release|Any CPU.ActiveCfg = Release|Any CPU
		{7983BC35-7908-456D-BBE6-2F7EACC23B96}.Release|Any CPU.Build.0 = Release|Any CPU
	EndGlobalSection
	GlobalSection(SolutionProperties) = preSolution
		HideSolutionNode = FALSE
	EndGlobalSection
	GlobalSection(ExtensibilityGlobals) = postSolution
		SolutionGuid = {BD725C47-EA77-4711-AB58-4AEA69FC6F05}
	EndGlobalSection
EndGlobal
